
Microsoft Visual Studio Solution File, Format Version 12.00
# Visual Studio Version 16
VisualStudioVersion = 16.0.30804.86
MinimumVisualStudioVersion = 10.0.40219.1
Project("{FAE04EC0-301F-11D3-BF4B-00C04F79EFBC}") = "MultipleHostedBlazorApps.Server", "MultipleHostedBlazorApps\Server\MultipleHostedBlazorApps.Server.csproj", "{8B4879FB-B943-45A2-94AA-D160CC3E4D38}"
EndProject
Project("{FAE04EC0-301F-11D3-BF4B-00C04F79EFBC}") = "MultipleHostedBlazorApps.Client", "MultipleHostedBlazorApps\Client\MultipleHostedBlazorApps.Client.csproj", "{EFC8D81F-E615-4CE7-85E5-D9C7784E54E1}"
EndProject
Project("{FAE04EC0-301F-11D3-BF4B-00C04F79EFBC}") = "MultipleHostedBlazorApps.Shared", "MultipleHostedBlazorApps\Shared\MultipleHostedBlazorApps.Shared.csproj", "{5C961F31-AC3C-4DB8-9BB8-37A84683B55A}"
EndProject
Global
	GlobalSection(SolutionConfigurationPlatforms) = preSolution
		Debug|Any CPU = Debug|Any CPU
		Release|Any CPU = Release|Any CPU
	EndGlobalSection
	GlobalSection(ProjectConfigurationPlatforms) = postSolution
		{8B4879FB-B943-45A2-94AA-D160CC3E4D38}.Debug|Any CPU.ActiveCfg = Debug|Any CPU
		{8B4879FB-B943-45A2-94AA-D160CC3E4D38}.Debug|Any CPU.Build.0 = Debug|Any CPU
		{8B4879FB-B943-45A2-94AA-D160CC3E4D38}.Release|Any CPU.ActiveCfg = Release|Any CPU
		{8B4879FB-B943-45A2-94AA-D160CC3E4D38}.Release|Any CPU.Build.0 = Release|Any CPU
		{EFC8D81F-E615-4CE7-85E5-D9C7784E54E1}.Debug|Any CPU.ActiveCfg = Debug|Any CPU
		{EFC8D81F-E615-4CE7-85E5-D9C7784E54E1}.Debug|Any CPU.Build.0 = Debug|Any CPU
		{EFC8D81F-E615-4CE7-85E5-D9C7784E54E1}.Release|Any CPU.ActiveCfg = Release|Any CPU
		{EFC8D81F-E615-4CE7-85E5-D9C7784E54E1}.Release|Any CPU.Build.0 = Release|Any CPU
		{5C961F31-AC3C-4DB8-9BB8-37A84683B55A}.Debug|Any CPU.ActiveCfg = Debug|Any CPU
		{5C961F31-AC3C-4DB8-9BB8-37A84683B55A}.Debug|Any CPU.Build.0 = Debug|Any CPU
		{5C961F31-AC3C-4DB8-9BB8-37A84683B55A}.Release|Any CPU.ActiveCfg = Release|Any CPU
		{5C961F31-AC3C-4DB8-9BB8-37A84683B55A}.Release|Any CPU.Build.0 = Release|Any CPU
	EndGlobalSection
	GlobalSection(SolutionProperties) = preSolution
		HideSolutionNode = FALSE
	EndGlobalSection
	GlobalSection(ExtensibilityGlobals) = postSolution
		SolutionGuid = {40A19485-4B90-4FD8-A22D-13819DA67376}
	EndGlobalSection
EndGlobal
